
Microsoft Visual Studio Solution File, Format Version 12.00
# Visual Studio Version 17
VisualStudioVersion = 17.6.33829.357
MinimumVisualStudioVersion = 10.0.40219.1
Project("{FAE04EC0-301F-11D3-BF4B-00C04F79EFBC}") = "MCare.ShareTKQC", "MCare.ShareTKQC\MCare.ShareTKQC.csproj", "{6BF8E2DC-9DA4-4ED8-A85F-2ADADAF95785}"
EndProject
Global
	GlobalSection(SolutionConfigurationPlatforms) = preSolution
		Debug|Any CPU = Debug|Any CPU
		Release|Any CPU = Release|Any CPU
	EndGlobalSection
	GlobalSection(ProjectConfigurationPlatforms) = postSolution
		{6BF8E2DC-9DA4-4ED8-A85F-2ADADAF95785}.Debug|Any CPU.ActiveCfg = Debug|Any CPU
		{6BF8E2DC-9DA4-4ED8-A85F-2ADADAF95785}.Debug|Any CPU.Build.0 = Debug|Any CPU
		{6BF8E2DC-9DA4-4ED8-A85F-2ADADAF95785}.Release|Any CPU.ActiveCfg = Release|Any CPU
		{6BF8E2DC-9DA4-4ED8-A85F-2ADADAF95785}.Release|Any CPU.Build.0 = Release|Any CPU
	EndGlobalSection
	GlobalSection(SolutionProperties) = preSolution
		HideSolutionNode = FALSE
	EndGlobalSection
	GlobalSection(ExtensibilityGlobals) = postSolution
		SolutionGuid = {827143A5-1F73-459B-8C14-6B2E91C8BF54}
	EndGlobalSection
EndGlobal
